
Microsoft Visual Studio Solution File, Format Version 12.00
# Visual Studio Version 17
VisualStudioVersion = 17.10.35013.160
MinimumVisualStudioVersion = 10.0.40219.1
Project("{FAE04EC0-301F-11D3-BF4B-00C04F79EFBC}") = "BulkyBookWeb", "BulkyBookWeb\BulkyBookWeb.csproj", "{E8B64AA4-D39F-4174-8F89-6AD395F0AE0F}"
EndProject
Global
	GlobalSection(SolutionConfigurationPlatforms) = preSolution
		Debug|Any CPU = Debug|Any CPU
		Release|Any CPU = Release|Any CPU
	EndGlobalSection
	GlobalSection(ProjectConfigurationPlatforms) = postSolution
		{E8B64AA4-D39F-4174-8F89-6AD395F0AE0F}.Debug|Any CPU.ActiveCfg = Debug|Any CPU
		{E8B64AA4-D39F-4174-8F89-6AD395F0AE0F}.Debug|Any CPU.Build.0 = Debug|Any CPU
		{E8B64AA4-D39F-4174-8F89-6AD395F0AE0F}.Release|Any CPU.ActiveCfg = Release|Any CPU
		{E8B64AA4-D39F-4174-8F89-6AD395F0AE0F}.Release|Any CPU.Build.0 = Release|Any CPU
	EndGlobalSection
	GlobalSection(SolutionProperties) = preSolution
		HideSolutionNode = FALSE
	EndGlobalSection
	GlobalSection(ExtensibilityGlobals) = postSolution
		SolutionGuid = {6E7310B8-5E0A-433D-A24C-DCAA90194DEF}
	EndGlobalSection
EndGlobal
