
Microsoft Visual Studio Solution File, Format Version 12.00
# Visual Studio Version 17
VisualStudioVersion = 17.10.35013.160
MinimumVisualStudioVersion = 10.0.40219.1
Project("{FAE04EC0-301F-11D3-BF4B-00C04F79EFBC}") = "HospitalManagment", "HospitalManagment\HospitalManagment.csproj", "{87030C16-675B-4649-9F7B-208245467DF6}"
EndProject
Global
	GlobalSection(SolutionConfigurationPlatforms) = preSolution
		Debug|Any CPU = Debug|Any CPU
		Release|Any CPU = Release|Any CPU
	EndGlobalSection
	GlobalSection(ProjectConfigurationPlatforms) = postSolution
		{87030C16-675B-4649-9F7B-208245467DF6}.Debug|Any CPU.ActiveCfg = Debug|Any CPU
		{87030C16-675B-4649-9F7B-208245467DF6}.Debug|Any CPU.Build.0 = Debug|Any CPU
		{87030C16-675B-4649-9F7B-208245467DF6}.Release|Any CPU.ActiveCfg = Release|Any CPU
		{87030C16-675B-4649-9F7B-208245467DF6}.Release|Any CPU.Build.0 = Release|Any CPU
	EndGlobalSection
	GlobalSection(SolutionProperties) = preSolution
		HideSolutionNode = FALSE
	EndGlobalSection
	GlobalSection(ExtensibilityGlobals) = postSolution
		SolutionGuid = {99D088DB-2B5A-422A-A980-4B0641F09BA0}
	EndGlobalSection
EndGlobal
